
Microsoft Visual Studio Solution File, Format Version 12.00
# Visual Studio Version 17
VisualStudioVersion = 17.0.32014.148
MinimumVisualStudioVersion = 10.0.40219.1
Project("{9A19103F-16F7-4668-BE54-9A1E7A4F7556}") = "Jaryway.DynamicSpace.WebApi", "Jaryway.DynamicSpace.WebApi\Jaryway.DynamicSpace.WebApi.csproj", "{BB1D5C47-B8E5-415E-B574-5B863C3C9D81}"
EndProject
Project("{9A19103F-16F7-4668-BE54-9A1E7A4F7556}") = "Jaryway.DynamicSpace.DataAccess", "Jaryway.DynamicSpace.DataAccess\Jaryway.DynamicSpace.DataAccess.csproj", "{5F3ACE22-A150-4E68-93AB-2A89D56D8B68}"
EndProject
Project("{9A19103F-16F7-4668-BE54-9A1E7A4F7556}") = "Jaryway.DynamicSpace.IdentityServer", "Jaryway.DynamicSpace.IdentityServer\Jaryway.DynamicSpace.IdentityServer.csproj", "{5CE2D17E-37D0-4124-B4B7-6A1FE2292454}"
EndProject
Project("{2150E333-8FDC-42A3-9474-1A3956D46DE8}") = "Solution Items", "Solution Items", "{9805C4C1-0609-47FD-9E87-D56D64E97019}"
	ProjectSection(SolutionItems) = preProject
		..\.editorconfig = ..\.editorconfig
		..\README.md = ..\README.md
	EndProjectSection
EndProject
Project("{9A19103F-16F7-4668-BE54-9A1E7A4F7556}") = "Jaryway.DynamicSpace.DynamicWebApi", "Jaryway.DynamicSpace.DynamicWebApi\Jaryway.DynamicSpace.DynamicWebApi.csproj", "{32490BCC-5DEB-4007-868A-3649A0F1E243}"
EndProject
Project("{2150E333-8FDC-42A3-9474-1A3956D46DE8}") = "clents", "clents", "{53610070-DC72-437E-B4AB-83717485C544}"
EndProject
Global
	GlobalSection(SolutionConfigurationPlatforms) = preSolution
		Debug|Any CPU = Debug|Any CPU
		Debug|x64 = Debug|x64
		Debug|x86 = Debug|x86
		Release|Any CPU = Release|Any CPU
		Release|x64 = Release|x64
		Release|x86 = Release|x86
	EndGlobalSection
	GlobalSection(ProjectConfigurationPlatforms) = postSolution
		{BB1D5C47-B8E5-415E-B574-5B863C3C9D81}.Debug|Any CPU.ActiveCfg = Debug|Any CPU
		{BB1D5C47-B8E5-415E-B574-5B863C3C9D81}.Debug|Any CPU.Build.0 = Debug|Any CPU
		{BB1D5C47-B8E5-415E-B574-5B863C3C9D81}.Debug|x64.ActiveCfg = Debug|Any CPU
		{BB1D5C47-B8E5-415E-B574-5B863C3C9D81}.Debug|x64.Build.0 = Debug|Any CPU
		{BB1D5C47-B8E5-415E-B574-5B863C3C9D81}.Debug|x86.ActiveCfg = Debug|Any CPU
		{BB1D5C47-B8E5-415E-B574-5B863C3C9D81}.Debug|x86.Build.0 = Debug|Any CPU
		{BB1D5C47-B8E5-415E-B574-5B863C3C9D81}.Release|Any CPU.ActiveCfg = Release|Any CPU
		{BB1D5C47-B8E5-415E-B574-5B863C3C9D81}.Release|Any CPU.Build.0 = Release|Any CPU
		{BB1D5C47-B8E5-415E-B574-5B863C3C9D81}.Release|x64.ActiveCfg = Release|Any CPU
		{BB1D5C47-B8E5-415E-B574-5B863C3C9D81}.Release|x64.Build.0 = Release|Any CPU
		{BB1D5C47-B8E5-415E-B574-5B863C3C9D81}.Release|x86.ActiveCfg = Release|Any CPU
		{BB1D5C47-B8E5-415E-B574-5B863C3C9D81}.Release|x86.Build.0 = Release|Any CPU
		{5F3ACE22-A150-4E68-93AB-2A89D56D8B68}.Debug|Any CPU.ActiveCfg = Debug|Any CPU
		{5F3ACE22-A150-4E68-93AB-2A89D56D8B68}.Debug|Any CPU.Build.0 = Debug|Any CPU
		{5F3ACE22-A150-4E68-93AB-2A89D56D8B68}.Debug|x64.ActiveCfg = Debug|Any CPU
		{5F3ACE22-A150-4E68-93AB-2A89D56D8B68}.Debug|x64.Build.0 = Debug|Any CPU
		{5F3ACE22-A150-4E68-93AB-2A89D56D8B68}.Debug|x86.ActiveCfg = Debug|Any CPU
		{5F3ACE22-A150-4E68-93AB-2A89D56D8B68}.Debug|x86.Build.0 = Debug|Any CPU
		{5F3ACE22-A150-4E68-93AB-2A89D56D8B68}.Release|Any CPU.ActiveCfg = Release|Any CPU
		{5F3ACE22-A150-4E68-93AB-2A89D56D8B68}.Release|Any CPU.Build.0 = Release|Any CPU
		{5F3ACE22-A150-4E68-93AB-2A89D56D8B68}.Release|x64.ActiveCfg = Release|Any CPU
		{5F3ACE22-A150-4E68-93AB-2A89D56D8B68}.Release|x64.Build.0 = Release|Any CPU
		{5F3ACE22-A150-4E68-93AB-2A89D56D8B68}.Release|x86.ActiveCfg = Release|Any CPU
		{5F3ACE22-A150-4E68-93AB-2A89D56D8B68}.Release|x86.Build.0 = Release|Any CPU
		{5CE2D17E-37D0-4124-B4B7-6A1FE2292454}.Debug|Any CPU.ActiveCfg = Debug|Any CPU
		{5CE2D17E-37D0-4124-B4B7-6A1FE2292454}.Debug|Any CPU.Build.0 = Debug|Any CPU
		{5CE2D17E-37D0-4124-B4B7-6A1FE2292454}.Debug|x64.ActiveCfg = Debug|Any CPU
		{5CE2D17E-37D0-4124-B4B7-6A1FE2292454}.Debug|x64.Build.0 = Debug|Any CPU
		{5CE2D17E-37D0-4124-B4B7-6A1FE2292454}.Debug|x86.ActiveCfg = Debug|Any CPU
		{5CE2D17E-37D0-4124-B4B7-6A1FE2292454}.Debug|x86.Build.0 = Debug|Any CPU
		{5CE2D17E-37D0-4124-B4B7-6A1FE2292454}.Release|Any CPU.ActiveCfg = Release|Any CPU
		{5CE2D17E-37D0-4124-B4B7-6A1FE2292454}.Release|Any CPU.Build.0 = Release|Any CPU
		{5CE2D17E-37D0-4124-B4B7-6A1FE2292454}.Release|x64.ActiveCfg = Release|Any CPU
		{5CE2D17E-37D0-4124-B4B7-6A1FE2292454}.Release|x64.Build.0 = Release|Any CPU
		{5CE2D17E-37D0-4124-B4B7-6A1FE2292454}.Release|x86.ActiveCfg = Release|Any CPU
		{5CE2D17E-37D0-4124-B4B7-6A1FE2292454}.Release|x86.Build.0 = Release|Any CPU
		{32490BCC-5DEB-4007-868A-3649A0F1E243}.Debug|Any CPU.ActiveCfg = Debug|Any CPU
		{32490BCC-5DEB-4007-868A-3649A0F1E243}.Debug|Any CPU.Build.0 = Debug|Any CPU
		{32490BCC-5DEB-4007-868A-3649A0F1E243}.Debug|x64.ActiveCfg = Debug|Any CPU
		{32490BCC-5DEB-4007-868A-3649A0F1E243}.Debug|x64.Build.0 = Debug|Any CPU
		{32490BCC-5DEB-4007-868A-3649A0F1E243}.Debug|x86.ActiveCfg = Debug|Any CPU
		{32490BCC-5DEB-4007-868A-3649A0F1E243}.Debug|x86.Build.0 = Debug|Any CPU
		{32490BCC-5DEB-4007-868A-3649A0F1E243}.Release|Any CPU.ActiveCfg = Release|Any CPU
		{32490BCC-5DEB-4007-868A-3649A0F1E243}.Release|Any CPU.Build.0 = Release|Any CPU
		{32490BCC-5DEB-4007-868A-3649A0F1E243}.Release|x64.ActiveCfg = Release|Any CPU
		{32490BCC-5DEB-4007-868A-3649A0F1E243}.Release|x64.Build.0 = Release|Any CPU
		{32490BCC-5DEB-4007-868A-3649A0F1E243}.Release|x86.ActiveCfg = Release|Any CPU
		{32490BCC-5DEB-4007-868A-3649A0F1E243}.Release|x86.Build.0 = Release|Any CPU
	EndGlobalSection
	GlobalSection(SolutionProperties) = preSolution
		HideSolutionNode = FALSE
	EndGlobalSection
	GlobalSection(ExtensibilityGlobals) = postSolution
		SolutionGuid = {F9AE3375-87E4-440A-A87F-16F7076323B7}
	EndGlobalSection
EndGlobal
